
Microsoft Visual Studio Solution File, Format Version 12.00
# Visual Studio Version 17
VisualStudioVersion = 17.2.32630.192
MinimumVisualStudioVersion = 10.0.40219.1
Project("{FAE04EC0-301F-11D3-BF4B-00C04F79EFBC}") = "deneme33", "deneme33\deneme33.csproj", "{B2965E94-50F0-472C-90E2-8F4659437CA8}"
EndProject
Global
	GlobalSection(SolutionConfigurationPlatforms) = preSolution
		Debug|Any CPU = Debug|Any CPU
		Release|Any CPU = Release|Any CPU
	EndGlobalSection
	GlobalSection(ProjectConfigurationPlatforms) = postSolution
		{B2965E94-50F0-472C-90E2-8F4659437CA8}.Debug|Any CPU.ActiveCfg = Debug|Any CPU
		{B2965E94-50F0-472C-90E2-8F4659437CA8}.Debug|Any CPU.Build.0 = Debug|Any CPU
		{B2965E94-50F0-472C-90E2-8F4659437CA8}.Release|Any CPU.ActiveCfg = Release|Any CPU
		{B2965E94-50F0-472C-90E2-8F4659437CA8}.Release|Any CPU.Build.0 = Release|Any CPU
	EndGlobalSection
	GlobalSection(SolutionProperties) = preSolution
		HideSolutionNode = FALSE
	EndGlobalSection
	GlobalSection(ExtensibilityGlobals) = postSolution
		SolutionGuid = {C8974CDF-8D3B-4DC2-8F34-695CE2E6ACA9}
	EndGlobalSection
EndGlobal
